
Microsoft Visual Studio Solution File, Format Version 12.00
# Visual Studio Version 17
VisualStudioVersion = 17.0.31903.59
MinimumVisualStudioVersion = 10.0.40219.1
Project("{2150E333-8FDC-42A3-9474-1A3956D46DE8}") = "src", "src", "{EAE39435-3728-4173-B6D2-7F0DCBA588F0}"
EndProject
Project("{FAE04EC0-301F-11D3-BF4B-00C04F79EFBC}") = "Netcorext.Extensions.Threading.Locker", "src\Netcorext.Extensions.Threading.Locker\Netcorext.Extensions.Threading.Locker.csproj", "{005938FC-E15F-4568-ABC4-7556EE7A43B9}"
EndProject
Project("{2150E333-8FDC-42A3-9474-1A3956D46DE8}") = "tests", "tests", "{57156343-36BA-4FF9-82F5-7F18632BE600}"
EndProject
Project("{FAE04EC0-301F-11D3-BF4B-00C04F79EFBC}") = "Netcorext.Extensions.Threading.Locker.Tests", "tests\Netcorext.Extensions.Threading.Locker.Tests\Netcorext.Extensions.Threading.Locker.Tests.csproj", "{12B2F017-C7B1-4C02-800B-445AF9544E89}"
EndProject
Global
	GlobalSection(SolutionConfigurationPlatforms) = preSolution
		Debug|Any CPU = Debug|Any CPU
		Release|Any CPU = Release|Any CPU
	EndGlobalSection
	GlobalSection(ProjectConfigurationPlatforms) = postSolution
		{005938FC-E15F-4568-ABC4-7556EE7A43B9}.Debug|Any CPU.ActiveCfg = Debug|Any CPU
		{005938FC-E15F-4568-ABC4-7556EE7A43B9}.Debug|Any CPU.Build.0 = Debug|Any CPU
		{005938FC-E15F-4568-ABC4-7556EE7A43B9}.Release|Any CPU.ActiveCfg = Release|Any CPU
		{005938FC-E15F-4568-ABC4-7556EE7A43B9}.Release|Any CPU.Build.0 = Release|Any CPU
		{12B2F017-C7B1-4C02-800B-445AF9544E89}.Debug|Any CPU.ActiveCfg = Debug|Any CPU
		{12B2F017-C7B1-4C02-800B-445AF9544E89}.Debug|Any CPU.Build.0 = Debug|Any CPU
		{12B2F017-C7B1-4C02-800B-445AF9544E89}.Release|Any CPU.ActiveCfg = Release|Any CPU
		{12B2F017-C7B1-4C02-800B-445AF9544E89}.Release|Any CPU.Build.0 = Release|Any CPU
	EndGlobalSection
	GlobalSection(NestedProjects) = preSolution
		{005938FC-E15F-4568-ABC4-7556EE7A43B9} = {EAE39435-3728-4173-B6D2-7F0DCBA588F0}
		{12B2F017-C7B1-4C02-800B-445AF9544E89} = {57156343-36BA-4FF9-82F5-7F18632BE600}
	EndGlobalSection
EndGlobal
